
Microsoft Visual Studio Solution File, Format Version 12.00
# Visual Studio Version 17
VisualStudioVersion = 17.6.33829.357
MinimumVisualStudioVersion = 10.0.40219.1
Project("{2150E333-8FDC-42A3-9474-1A3956D46DE8}") = "Microservices", "Microservices", "{B45C20D8-24BC-4B66-AB81-B51A31ED846B}"
EndProject
Project("{9A19103F-16F7-4668-BE54-9A1E7A4F7556}") = "E-Commerce.AuthAPI", "E-Commerce.AuthAPI\E-Commerce.AuthAPI.csproj", "{298615B2-13FD-4E75-90FA-0E1F33E5698A}"
EndProject
Project("{2150E333-8FDC-42A3-9474-1A3956D46DE8}") = "Gatway", "Gatway", "{A7160AFF-F49B-4C91-A7DB-0BF084053CA2}"
EndProject
Project("{9A19103F-16F7-4668-BE54-9A1E7A4F7556}") = "E-Commerce.ProductAPI", "E-Commerce.ProductAPI\E-Commerce.ProductAPI.csproj", "{34355A40-7BBE-4BEE-8237-331842C10AD9}"
EndProject
Project("{9A19103F-16F7-4668-BE54-9A1E7A4F7556}") = "E-Commerce.OrderAPI", "E-Commerce.OrderAPI\E-Commerce.OrderAPI.csproj", "{76711769-41E7-4299-A31D-5FC64A6D2E51}"
EndProject
Project("{9A19103F-16F7-4668-BE54-9A1E7A4F7556}") = "E-Commerce.APIResponseLibrary", "E-Commerce.APIResponseLibrary\E-Commerce.APIResponseLibrary.csproj", "{C3B92050-5D76-4715-8029-2C78FD69C81D}"
EndProject
Project("{9A19103F-16F7-4668-BE54-9A1E7A4F7556}") = "E-Commerce.DAL", "E-Commerce.DAL\E-Commerce.DAL.csproj", "{EB7D177F-1231-4736-8531-3AE74AEC31FD}"
EndProject
Project("{FAE04EC0-301F-11D3-BF4B-00C04F79EFBC}") = "E-Commerce.CategoryAPI", "E-Commerce.CategoryAPI\E-Commerce.CategoryAPI.csproj", "{E636C30C-2239-4001-8365-0892089F71CD}"
EndProject
Project("{2150E333-8FDC-42A3-9474-1A3956D46DE8}") = "MasterDatabases", "MasterDatabases", "{F9600CED-1F4A-41EE-B28F-8E637DC0B3FE}"
EndProject
Project("{2150E333-8FDC-42A3-9474-1A3956D46DE8}") = "UnivarsalInterfaces", "UnivarsalInterfaces", "{58E67390-DBC7-4545-8034-E2F57873D8D8}"
EndProject
Project("{FAE04EC0-301F-11D3-BF4B-00C04F79EFBC}") = "E-Commerce.MasterInterfaces", "E-Commerce.MasterInterfaces\E-Commerce.MasterInterfaces.csproj", "{6A25CDDE-7F5D-46C2-B563-9ECCA9CBD69C}"
EndProject
Project("{2150E333-8FDC-42A3-9474-1A3956D46DE8}") = "APILibrary", "APILibrary", "{B1172897-89C6-4AC2-B913-788A9351EE5F}"
EndProject
Project("{FAE04EC0-301F-11D3-BF4B-00C04F79EFBC}") = "E-Commerce.ControllerConfig", "E-Commerce.ControllerConfig\E-Commerce.ControllerConfig.csproj", "{87E3B3C0-2AF3-4F21-BAF5-A00810BF1EF6}"
EndProject
Global
	GlobalSection(SolutionConfigurationPlatforms) = preSolution
		Debug|Any CPU = Debug|Any CPU
		Release|Any CPU = Release|Any CPU
	EndGlobalSection
	GlobalSection(ProjectConfigurationPlatforms) = postSolution
		{298615B2-13FD-4E75-90FA-0E1F33E5698A}.Debug|Any CPU.ActiveCfg = Debug|Any CPU
		{298615B2-13FD-4E75-90FA-0E1F33E5698A}.Debug|Any CPU.Build.0 = Debug|Any CPU
		{298615B2-13FD-4E75-90FA-0E1F33E5698A}.Release|Any CPU.ActiveCfg = Release|Any CPU
		{298615B2-13FD-4E75-90FA-0E1F33E5698A}.Release|Any CPU.Build.0 = Release|Any CPU
		{34355A40-7BBE-4BEE-8237-331842C10AD9}.Debug|Any CPU.ActiveCfg = Debug|Any CPU
		{34355A40-7BBE-4BEE-8237-331842C10AD9}.Debug|Any CPU.Build.0 = Debug|Any CPU
		{34355A40-7BBE-4BEE-8237-331842C10AD9}.Release|Any CPU.ActiveCfg = Release|Any CPU
		{34355A40-7BBE-4BEE-8237-331842C10AD9}.Release|Any CPU.Build.0 = Release|Any CPU
		{76711769-41E7-4299-A31D-5FC64A6D2E51}.Debug|Any CPU.ActiveCfg = Debug|Any CPU
		{76711769-41E7-4299-A31D-5FC64A6D2E51}.Debug|Any CPU.Build.0 = Debug|Any CPU
		{76711769-41E7-4299-A31D-5FC64A6D2E51}.Release|Any CPU.ActiveCfg = Release|Any CPU
		{76711769-41E7-4299-A31D-5FC64A6D2E51}.Release|Any CPU.Build.0 = Release|Any CPU
		{C3B92050-5D76-4715-8029-2C78FD69C81D}.Debug|Any CPU.ActiveCfg = Debug|Any CPU
		{C3B92050-5D76-4715-8029-2C78FD69C81D}.Debug|Any CPU.Build.0 = Debug|Any CPU
		{C3B92050-5D76-4715-8029-2C78FD69C81D}.Release|Any CPU.ActiveCfg = Release|Any CPU
		{C3B92050-5D76-4715-8029-2C78FD69C81D}.Release|Any CPU.Build.0 = Release|Any CPU
		{EB7D177F-1231-4736-8531-3AE74AEC31FD}.Debug|Any CPU.ActiveCfg = Debug|Any CPU
		{EB7D177F-1231-4736-8531-3AE74AEC31FD}.Debug|Any CPU.Build.0 = Debug|Any CPU
		{EB7D177F-1231-4736-8531-3AE74AEC31FD}.Release|Any CPU.ActiveCfg = Release|Any CPU
		{EB7D177F-1231-4736-8531-3AE74AEC31FD}.Release|Any CPU.Build.0 = Release|Any CPU
		{E636C30C-2239-4001-8365-0892089F71CD}.Debug|Any CPU.ActiveCfg = Debug|Any CPU
		{E636C30C-2239-4001-8365-0892089F71CD}.Debug|Any CPU.Build.0 = Debug|Any CPU
		{E636C30C-2239-4001-8365-0892089F71CD}.Release|Any CPU.ActiveCfg = Release|Any CPU
		{E636C30C-2239-4001-8365-0892089F71CD}.Release|Any CPU.Build.0 = Release|Any CPU
		{6A25CDDE-7F5D-46C2-B563-9ECCA9CBD69C}.Debug|Any CPU.ActiveCfg = Debug|Any CPU
		{6A25CDDE-7F5D-46C2-B563-9ECCA9CBD69C}.Debug|Any CPU.Build.0 = Debug|Any CPU
		{6A25CDDE-7F5D-46C2-B563-9ECCA9CBD69C}.Release|Any CPU.ActiveCfg = Release|Any CPU
		{6A25CDDE-7F5D-46C2-B563-9ECCA9CBD69C}.Release|Any CPU.Build.0 = Release|Any CPU
		{87E3B3C0-2AF3-4F21-BAF5-A00810BF1EF6}.Debug|Any CPU.ActiveCfg = Debug|Any CPU
		{87E3B3C0-2AF3-4F21-BAF5-A00810BF1EF6}.Debug|Any CPU.Build.0 = Debug|Any CPU
		{87E3B3C0-2AF3-4F21-BAF5-A00810BF1EF6}.Release|Any CPU.ActiveCfg = Release|Any CPU
		{87E3B3C0-2AF3-4F21-BAF5-A00810BF1EF6}.Release|Any CPU.Build.0 = Release|Any CPU
	EndGlobalSection
	GlobalSection(SolutionProperties) = preSolution
		HideSolutionNode = FALSE
	EndGlobalSection
	GlobalSection(NestedProjects) = preSolution
		{298615B2-13FD-4E75-90FA-0E1F33E5698A} = {B45C20D8-24BC-4B66-AB81-B51A31ED846B}
		{34355A40-7BBE-4BEE-8237-331842C10AD9} = {B45C20D8-24BC-4B66-AB81-B51A31ED846B}
		{76711769-41E7-4299-A31D-5FC64A6D2E51} = {B45C20D8-24BC-4B66-AB81-B51A31ED846B}
		{C3B92050-5D76-4715-8029-2C78FD69C81D} = {B1172897-89C6-4AC2-B913-788A9351EE5F}
		{EB7D177F-1231-4736-8531-3AE74AEC31FD} = {F9600CED-1F4A-41EE-B28F-8E637DC0B3FE}
		{E636C30C-2239-4001-8365-0892089F71CD} = {B45C20D8-24BC-4B66-AB81-B51A31ED846B}
		{6A25CDDE-7F5D-46C2-B563-9ECCA9CBD69C} = {58E67390-DBC7-4545-8034-E2F57873D8D8}
		{87E3B3C0-2AF3-4F21-BAF5-A00810BF1EF6} = {58E67390-DBC7-4545-8034-E2F57873D8D8}
	EndGlobalSection
	GlobalSection(ExtensibilityGlobals) = postSolution
		SolutionGuid = {BF9D1D19-E8F9-49E6-9870-3E46D42E08F3}
	EndGlobalSection
EndGlobal
